
Microsoft Visual Studio Solution File, Format Version 12.00
# Visual Studio 15
Project("{FAE04EC0-301F-11D3-BF4B-00C04F79EFBC}") = "ExplicitArchitecture", "ExplicitArchitecture\ExplicitArchitecture.csproj", "{B4C452F0-3D9A-46C9-8C44-50230F815E1F}"
EndProject
Global
	GlobalSection(SolutionConfigurationPlatforms) = preSolution
		Debug|Any CPU = Debug|Any CPU
		Release|Any CPU = Release|Any CPU
	EndGlobalSection
	GlobalSection(ProjectConfigurationPlatforms) = postSolution
		{B4C452F0-3D9A-46C9-8C44-50230F815E1F}.Debug|Any CPU.ActiveCfg = Debug|Any CPU
		{B4C452F0-3D9A-46C9-8C44-50230F815E1F}.Debug|Any CPU.Build.0 = Debug|Any CPU
		{B4C452F0-3D9A-46C9-8C44-50230F815E1F}.Release|Any CPU.ActiveCfg = Release|Any CPU
		{B4C452F0-3D9A-46C9-8C44-50230F815E1F}.Release|Any CPU.Build.0 = Release|Any CPU
	EndGlobalSection
EndGlobal
