
Microsoft Visual Studio Solution File, Format Version 12.00
# Visual Studio 15
Project("{FAE04EC0-301F-11D3-BF4B-00C04F79EFBC}") = "CommonPorts", "CommonPorts\CommonPorts.csproj", "{ACEA3AC0-288E-42C1-922C-C7DED0553AED}"
EndProject
Global
	GlobalSection(SolutionConfigurationPlatforms) = preSolution
		Debug|Any CPU = Debug|Any CPU
		Release|Any CPU = Release|Any CPU
	EndGlobalSection
	GlobalSection(ProjectConfigurationPlatforms) = postSolution
		{ACEA3AC0-288E-42C1-922C-C7DED0553AED}.Debug|Any CPU.ActiveCfg = Debug|Any CPU
		{ACEA3AC0-288E-42C1-922C-C7DED0553AED}.Debug|Any CPU.Build.0 = Debug|Any CPU
		{ACEA3AC0-288E-42C1-922C-C7DED0553AED}.Release|Any CPU.ActiveCfg = Release|Any CPU
		{ACEA3AC0-288E-42C1-922C-C7DED0553AED}.Release|Any CPU.Build.0 = Release|Any CPU
	EndGlobalSection
EndGlobal
